
Microsoft Visual Studio Solution File, Format Version 12.00
# Visual Studio Version 16
VisualStudioVersion = 16.0.31410.357
MinimumVisualStudioVersion = 10.0.40219.1
Project("{9A19103F-16F7-4668-BE54-9A1E7A4F7556}") = "Biblioteca.Api", "BibliotecaApi\Biblioteca.Api.csproj", "{8DFA7BE6-0AE8-45E0-A357-BF9FC99363A8}"
EndProject
Project("{2150E333-8FDC-42A3-9474-1A3956D46DE8}") = "Api", "Api", "{BD6377E3-AB7D-4636-AFBD-04800D5833E8}"
EndProject
Project("{9A19103F-16F7-4668-BE54-9A1E7A4F7556}") = "Biblioteca.Domain", "Biblioteca.Domain\Biblioteca.Domain.csproj", "{80962AC4-99A5-411C-98CF-CBF239097195}"
EndProject
Project("{9A19103F-16F7-4668-BE54-9A1E7A4F7556}") = "Biblioteca.Infra", "Biblioteca.Infra\Biblioteca.Infra.csproj", "{CC0B4D5F-AFE2-4ACF-92D1-1D41DF7A8481}"
EndProject
Project("{9A19103F-16F7-4668-BE54-9A1E7A4F7556}") = "Biblioteca.SharedKernel", "Biblioteca.SharedKernel\Biblioteca.SharedKernel.csproj", "{7812FF76-0963-4929-8423-122E4F589EB7}"
EndProject
Project("{9A19103F-16F7-4668-BE54-9A1E7A4F7556}") = "Api.Test", "Api.Test\Api.Test.csproj", "{768D6088-88AF-47BD-B495-DAC425FFE342}"
EndProject
Project("{2150E333-8FDC-42A3-9474-1A3956D46DE8}") = "Tests", "Tests", "{0EE35E35-B00D-48D4-B342-56B0D256C30B}"
EndProject
Project("{9A19103F-16F7-4668-BE54-9A1E7A4F7556}") = "Fixtures", "Fixtures\Fixtures.csproj", "{C160E53C-EC5D-4715-AE2C-1D53674A5A04}"
EndProject
Project("{9A19103F-16F7-4668-BE54-9A1E7A4F7556}") = "Domain.Tests", "Domain.Tests\Domain.Tests.csproj", "{4172F7EC-227A-44F4-91E4-92771C4B0FA0}"
EndProject
Project("{9A19103F-16F7-4668-BE54-9A1E7A4F7556}") = "Infra.Tests", "Infra.Tests\Infra.Tests.csproj", "{9E29D9F0-7348-4877-A52C-FEFAB0E17533}"
EndProject
Project("{9A19103F-16F7-4668-BE54-9A1E7A4F7556}") = "SharedKernel.Tests", "SharedKernel.Tests\SharedKernel.Tests.csproj", "{50ADDDFD-016E-4D49-954B-FCF6FC81DDBF}"
EndProject
Global
	GlobalSection(SolutionConfigurationPlatforms) = preSolution
		Debug|Any CPU = Debug|Any CPU
		Release|Any CPU = Release|Any CPU
	EndGlobalSection
	GlobalSection(ProjectConfigurationPlatforms) = postSolution
		{8DFA7BE6-0AE8-45E0-A357-BF9FC99363A8}.Debug|Any CPU.ActiveCfg = Debug|Any CPU
		{8DFA7BE6-0AE8-45E0-A357-BF9FC99363A8}.Debug|Any CPU.Build.0 = Debug|Any CPU
		{8DFA7BE6-0AE8-45E0-A357-BF9FC99363A8}.Release|Any CPU.ActiveCfg = Release|Any CPU
		{8DFA7BE6-0AE8-45E0-A357-BF9FC99363A8}.Release|Any CPU.Build.0 = Release|Any CPU
		{80962AC4-99A5-411C-98CF-CBF239097195}.Debug|Any CPU.ActiveCfg = Debug|Any CPU
		{80962AC4-99A5-411C-98CF-CBF239097195}.Debug|Any CPU.Build.0 = Debug|Any CPU
		{80962AC4-99A5-411C-98CF-CBF239097195}.Release|Any CPU.ActiveCfg = Release|Any CPU
		{80962AC4-99A5-411C-98CF-CBF239097195}.Release|Any CPU.Build.0 = Release|Any CPU
		{CC0B4D5F-AFE2-4ACF-92D1-1D41DF7A8481}.Debug|Any CPU.ActiveCfg = Debug|Any CPU
		{CC0B4D5F-AFE2-4ACF-92D1-1D41DF7A8481}.Debug|Any CPU.Build.0 = Debug|Any CPU
		{CC0B4D5F-AFE2-4ACF-92D1-1D41DF7A8481}.Release|Any CPU.ActiveCfg = Release|Any CPU
		{CC0B4D5F-AFE2-4ACF-92D1-1D41DF7A8481}.Release|Any CPU.Build.0 = Release|Any CPU
		{7812FF76-0963-4929-8423-122E4F589EB7}.Debug|Any CPU.ActiveCfg = Debug|Any CPU
		{7812FF76-0963-4929-8423-122E4F589EB7}.Debug|Any CPU.Build.0 = Debug|Any CPU
		{7812FF76-0963-4929-8423-122E4F589EB7}.Release|Any CPU.ActiveCfg = Release|Any CPU
		{7812FF76-0963-4929-8423-122E4F589EB7}.Release|Any CPU.Build.0 = Release|Any CPU
		{768D6088-88AF-47BD-B495-DAC425FFE342}.Debug|Any CPU.ActiveCfg = Debug|Any CPU
		{768D6088-88AF-47BD-B495-DAC425FFE342}.Debug|Any CPU.Build.0 = Debug|Any CPU
		{768D6088-88AF-47BD-B495-DAC425FFE342}.Release|Any CPU.ActiveCfg = Release|Any CPU
		{768D6088-88AF-47BD-B495-DAC425FFE342}.Release|Any CPU.Build.0 = Release|Any CPU
		{C160E53C-EC5D-4715-AE2C-1D53674A5A04}.Debug|Any CPU.ActiveCfg = Debug|Any CPU
		{C160E53C-EC5D-4715-AE2C-1D53674A5A04}.Debug|Any CPU.Build.0 = Debug|Any CPU
		{C160E53C-EC5D-4715-AE2C-1D53674A5A04}.Release|Any CPU.ActiveCfg = Release|Any CPU
		{C160E53C-EC5D-4715-AE2C-1D53674A5A04}.Release|Any CPU.Build.0 = Release|Any CPU
		{4172F7EC-227A-44F4-91E4-92771C4B0FA0}.Debug|Any CPU.ActiveCfg = Debug|Any CPU
		{4172F7EC-227A-44F4-91E4-92771C4B0FA0}.Debug|Any CPU.Build.0 = Debug|Any CPU
		{4172F7EC-227A-44F4-91E4-92771C4B0FA0}.Release|Any CPU.ActiveCfg = Release|Any CPU
		{4172F7EC-227A-44F4-91E4-92771C4B0FA0}.Release|Any CPU.Build.0 = Release|Any CPU
		{9E29D9F0-7348-4877-A52C-FEFAB0E17533}.Debug|Any CPU.ActiveCfg = Debug|Any CPU
		{9E29D9F0-7348-4877-A52C-FEFAB0E17533}.Debug|Any CPU.Build.0 = Debug|Any CPU
		{9E29D9F0-7348-4877-A52C-FEFAB0E17533}.Release|Any CPU.ActiveCfg = Release|Any CPU
		{9E29D9F0-7348-4877-A52C-FEFAB0E17533}.Release|Any CPU.Build.0 = Release|Any CPU
		{50ADDDFD-016E-4D49-954B-FCF6FC81DDBF}.Debug|Any CPU.ActiveCfg = Debug|Any CPU
		{50ADDDFD-016E-4D49-954B-FCF6FC81DDBF}.Debug|Any CPU.Build.0 = Debug|Any CPU
		{50ADDDFD-016E-4D49-954B-FCF6FC81DDBF}.Release|Any CPU.ActiveCfg = Release|Any CPU
		{50ADDDFD-016E-4D49-954B-FCF6FC81DDBF}.Release|Any CPU.Build.0 = Release|Any CPU
	EndGlobalSection
	GlobalSection(SolutionProperties) = preSolution
		HideSolutionNode = FALSE
	EndGlobalSection
	GlobalSection(NestedProjects) = preSolution
		{8DFA7BE6-0AE8-45E0-A357-BF9FC99363A8} = {BD6377E3-AB7D-4636-AFBD-04800D5833E8}
		{80962AC4-99A5-411C-98CF-CBF239097195} = {BD6377E3-AB7D-4636-AFBD-04800D5833E8}
		{CC0B4D5F-AFE2-4ACF-92D1-1D41DF7A8481} = {BD6377E3-AB7D-4636-AFBD-04800D5833E8}
		{7812FF76-0963-4929-8423-122E4F589EB7} = {BD6377E3-AB7D-4636-AFBD-04800D5833E8}
		{768D6088-88AF-47BD-B495-DAC425FFE342} = {0EE35E35-B00D-48D4-B342-56B0D256C30B}
		{C160E53C-EC5D-4715-AE2C-1D53674A5A04} = {0EE35E35-B00D-48D4-B342-56B0D256C30B}
		{4172F7EC-227A-44F4-91E4-92771C4B0FA0} = {0EE35E35-B00D-48D4-B342-56B0D256C30B}
		{9E29D9F0-7348-4877-A52C-FEFAB0E17533} = {0EE35E35-B00D-48D4-B342-56B0D256C30B}
		{50ADDDFD-016E-4D49-954B-FCF6FC81DDBF} = {0EE35E35-B00D-48D4-B342-56B0D256C30B}
	EndGlobalSection
	GlobalSection(ExtensibilityGlobals) = postSolution
		SolutionGuid = {0977FD5B-73F6-4E94-B316-4CE254741CB1}
	EndGlobalSection
EndGlobal
